
Microsoft Visual Studio Solution File, Format Version 12.00
# Visual Studio Version 17
VisualStudioVersion = 17.0.31919.166
MinimumVisualStudioVersion = 10.0.40219.1
Project("{FAE04EC0-301F-11D3-BF4B-00C04F79EFBC}") = "LocationThree.Android", "LocationThree.Android\LocationThree.Android.csproj", "{C76B9326-8DF1-48C6-8041-C82ACA06B5E3}"
EndProject
Project("{FAE04EC0-301F-11D3-BF4B-00C04F79EFBC}") = "LocationThree.iOS", "LocationThree.iOS\LocationThree.iOS.csproj", "{9A20D1D7-6762-474E-8224-BCE2DEB9E3B5}"
EndProject
Project("{FAE04EC0-301F-11D3-BF4B-00C04F79EFBC}") = "LocationThree", "LocationThree\LocationThree.csproj", "{DEA28919-95C2-448B-B7E1-DF2878024C29}"
EndProject
Global
	GlobalSection(SolutionConfigurationPlatforms) = preSolution
		Debug|Any CPU = Debug|Any CPU
		Debug|iPhone = Debug|iPhone
		Debug|iPhoneSimulator = Debug|iPhoneSimulator
		Release|Any CPU = Release|Any CPU
		Release|iPhone = Release|iPhone
		Release|iPhoneSimulator = Release|iPhoneSimulator
	EndGlobalSection
	GlobalSection(ProjectConfigurationPlatforms) = postSolution
		{C76B9326-8DF1-48C6-8041-C82ACA06B5E3}.Debug|Any CPU.ActiveCfg = Debug|Any CPU
		{C76B9326-8DF1-48C6-8041-C82ACA06B5E3}.Debug|Any CPU.Build.0 = Debug|Any CPU
		{C76B9326-8DF1-48C6-8041-C82ACA06B5E3}.Debug|Any CPU.Deploy.0 = Debug|Any CPU
		{C76B9326-8DF1-48C6-8041-C82ACA06B5E3}.Debug|iPhone.ActiveCfg = Debug|Any CPU
		{C76B9326-8DF1-48C6-8041-C82ACA06B5E3}.Debug|iPhone.Build.0 = Debug|Any CPU
		{C76B9326-8DF1-48C6-8041-C82ACA06B5E3}.Debug|iPhone.Deploy.0 = Debug|Any CPU
		{C76B9326-8DF1-48C6-8041-C82ACA06B5E3}.Debug|iPhoneSimulator.ActiveCfg = Debug|Any CPU
		{C76B9326-8DF1-48C6-8041-C82ACA06B5E3}.Debug|iPhoneSimulator.Build.0 = Debug|Any CPU
		{C76B9326-8DF1-48C6-8041-C82ACA06B5E3}.Debug|iPhoneSimulator.Deploy.0 = Debug|Any CPU
		{C76B9326-8DF1-48C6-8041-C82ACA06B5E3}.Release|Any CPU.ActiveCfg = Release|Any CPU
		{C76B9326-8DF1-48C6-8041-C82ACA06B5E3}.Release|Any CPU.Build.0 = Release|Any CPU
		{C76B9326-8DF1-48C6-8041-C82ACA06B5E3}.Release|Any CPU.Deploy.0 = Release|Any CPU
		{C76B9326-8DF1-48C6-8041-C82ACA06B5E3}.Release|iPhone.ActiveCfg = Release|Any CPU
		{C76B9326-8DF1-48C6-8041-C82ACA06B5E3}.Release|iPhone.Build.0 = Release|Any CPU
		{C76B9326-8DF1-48C6-8041-C82ACA06B5E3}.Release|iPhone.Deploy.0 = Release|Any CPU
		{C76B9326-8DF1-48C6-8041-C82ACA06B5E3}.Release|iPhoneSimulator.ActiveCfg = Release|Any CPU
		{C76B9326-8DF1-48C6-8041-C82ACA06B5E3}.Release|iPhoneSimulator.Build.0 = Release|Any CPU
		{C76B9326-8DF1-48C6-8041-C82ACA06B5E3}.Release|iPhoneSimulator.Deploy.0 = Release|Any CPU
		{9A20D1D7-6762-474E-8224-BCE2DEB9E3B5}.Debug|Any CPU.ActiveCfg = Debug|iPhone
		{9A20D1D7-6762-474E-8224-BCE2DEB9E3B5}.Debug|Any CPU.Build.0 = Debug|iPhone
		{9A20D1D7-6762-474E-8224-BCE2DEB9E3B5}.Debug|Any CPU.Deploy.0 = Debug|iPhone
		{9A20D1D7-6762-474E-8224-BCE2DEB9E3B5}.Debug|iPhone.ActiveCfg = Debug|iPhone
		{9A20D1D7-6762-474E-8224-BCE2DEB9E3B5}.Debug|iPhone.Build.0 = Debug|iPhone
		{9A20D1D7-6762-474E-8224-BCE2DEB9E3B5}.Debug|iPhone.Deploy.0 = Debug|iPhone
		{9A20D1D7-6762-474E-8224-BCE2DEB9E3B5}.Debug|iPhoneSimulator.ActiveCfg = Debug|iPhoneSimulator
		{9A20D1D7-6762-474E-8224-BCE2DEB9E3B5}.Debug|iPhoneSimulator.Build.0 = Debug|iPhoneSimulator
		{9A20D1D7-6762-474E-8224-BCE2DEB9E3B5}.Debug|iPhoneSimulator.Deploy.0 = Debug|iPhoneSimulator
		{9A20D1D7-6762-474E-8224-BCE2DEB9E3B5}.Release|Any CPU.ActiveCfg = Release|iPhoneSimulator
		{9A20D1D7-6762-474E-8224-BCE2DEB9E3B5}.Release|Any CPU.Build.0 = Release|iPhoneSimulator
		{9A20D1D7-6762-474E-8224-BCE2DEB9E3B5}.Release|Any CPU.Deploy.0 = Release|iPhoneSimulator
		{9A20D1D7-6762-474E-8224-BCE2DEB9E3B5}.Release|iPhone.ActiveCfg = Release|iPhone
		{9A20D1D7-6762-474E-8224-BCE2DEB9E3B5}.Release|iPhone.Build.0 = Release|iPhone
		{9A20D1D7-6762-474E-8224-BCE2DEB9E3B5}.Release|iPhone.Deploy.0 = Release|iPhone
		{9A20D1D7-6762-474E-8224-BCE2DEB9E3B5}.Release|iPhoneSimulator.ActiveCfg = Release|iPhoneSimulator
		{9A20D1D7-6762-474E-8224-BCE2DEB9E3B5}.Release|iPhoneSimulator.Build.0 = Release|iPhoneSimulator
		{9A20D1D7-6762-474E-8224-BCE2DEB9E3B5}.Release|iPhoneSimulator.Deploy.0 = Release|iPhoneSimulator
		{DEA28919-95C2-448B-B7E1-DF2878024C29}.Debug|Any CPU.ActiveCfg = Debug|Any CPU
		{DEA28919-95C2-448B-B7E1-DF2878024C29}.Debug|Any CPU.Build.0 = Debug|Any CPU
		{DEA28919-95C2-448B-B7E1-DF2878024C29}.Debug|Any CPU.Deploy.0 = Debug|Any CPU
		{DEA28919-95C2-448B-B7E1-DF2878024C29}.Debug|iPhone.ActiveCfg = Debug|Any CPU
		{DEA28919-95C2-448B-B7E1-DF2878024C29}.Debug|iPhone.Build.0 = Debug|Any CPU
		{DEA28919-95C2-448B-B7E1-DF2878024C29}.Debug|iPhone.Deploy.0 = Debug|Any CPU
		{DEA28919-95C2-448B-B7E1-DF2878024C29}.Debug|iPhoneSimulator.ActiveCfg = Debug|Any CPU
		{DEA28919-95C2-448B-B7E1-DF2878024C29}.Debug|iPhoneSimulator.Build.0 = Debug|Any CPU
		{DEA28919-95C2-448B-B7E1-DF2878024C29}.Debug|iPhoneSimulator.Deploy.0 = Debug|Any CPU
		{DEA28919-95C2-448B-B7E1-DF2878024C29}.Release|Any CPU.ActiveCfg = Release|Any CPU
		{DEA28919-95C2-448B-B7E1-DF2878024C29}.Release|Any CPU.Build.0 = Release|Any CPU
		{DEA28919-95C2-448B-B7E1-DF2878024C29}.Release|Any CPU.Deploy.0 = Release|Any CPU
		{DEA28919-95C2-448B-B7E1-DF2878024C29}.Release|iPhone.ActiveCfg = Release|Any CPU
		{DEA28919-95C2-448B-B7E1-DF2878024C29}.Release|iPhone.Build.0 = Release|Any CPU
		{DEA28919-95C2-448B-B7E1-DF2878024C29}.Release|iPhone.Deploy.0 = Release|Any CPU
		{DEA28919-95C2-448B-B7E1-DF2878024C29}.Release|iPhoneSimulator.ActiveCfg = Release|Any CPU
		{DEA28919-95C2-448B-B7E1-DF2878024C29}.Release|iPhoneSimulator.Build.0 = Release|Any CPU
		{DEA28919-95C2-448B-B7E1-DF2878024C29}.Release|iPhoneSimulator.Deploy.0 = Release|Any CPU
	EndGlobalSection
	GlobalSection(SolutionProperties) = preSolution
		HideSolutionNode = FALSE
	EndGlobalSection
	GlobalSection(ExtensibilityGlobals) = postSolution
		SolutionGuid = {AD03ECFF-80F5-470E-8A50-12A4B78BE00F}
	EndGlobalSection
EndGlobal
